
Microsoft Visual Studio Solution File, Format Version 12.00
# Visual Studio Version 17
VisualStudioVersion = 17.6.33723.286
MinimumVisualStudioVersion = 10.0.40219.1
Project("{FAE04EC0-301F-11D3-BF4B-00C04F79EFBC}") = "Runner", "Runner\Runner.csproj", "{D128D5F3-DF82-41C8-BF8D-3420F76D7AA4}"
EndProject
Global
	GlobalSection(SolutionConfigurationPlatforms) = preSolution
		Debug|Any CPU = Debug|Any CPU
		Release|Any CPU = Release|Any CPU
	EndGlobalSection
	GlobalSection(ProjectConfigurationPlatforms) = postSolution
		{D128D5F3-DF82-41C8-BF8D-3420F76D7AA4}.Debug|Any CPU.ActiveCfg = Debug|Any CPU
		{D128D5F3-DF82-41C8-BF8D-3420F76D7AA4}.Debug|Any CPU.Build.0 = Debug|Any CPU
		{D128D5F3-DF82-41C8-BF8D-3420F76D7AA4}.Debug|Any CPU.Deploy.0 = Debug|Any CPU
		{D128D5F3-DF82-41C8-BF8D-3420F76D7AA4}.Release|Any CPU.ActiveCfg = Release|Any CPU
		{D128D5F3-DF82-41C8-BF8D-3420F76D7AA4}.Release|Any CPU.Build.0 = Release|Any CPU
		{D128D5F3-DF82-41C8-BF8D-3420F76D7AA4}.Release|Any CPU.Deploy.0 = Release|Any CPU
	EndGlobalSection
	GlobalSection(SolutionProperties) = preSolution
		HideSolutionNode = FALSE
	EndGlobalSection
	GlobalSection(ExtensibilityGlobals) = postSolution
		SolutionGuid = {391EB81C-AEF5-457A-AE96-7094659576EE}
	EndGlobalSection
EndGlobal
